// !$*UTF8*$!
{
	archiveVersion = 1;
	classes = {
	};
	objectVersion = 56;
	objects = {

/* Begin PBXBuildFile section */
		8854193F2A164C0900ADE1EE /* CounterFeature.swift in Sources */ = {isa = PBXBuildFile; fileRef = 8854193E2A164C0900ADE1EE /* CounterFeature.swift */; };
		887603662A2204BD002F9185 /* CounterFeatureTests.swift in Sources */ = {isa = PBXBuildFile; fileRef = 887603652A2204BD002F9185 /* CounterFeatureTests.swift */; };
		88CBB8062A164753008C69A4 /* TCATutorialsApp.swift in Sources */ = {isa = PBXBuildFile; fileRef = 88CBB8052A164753008C69A4 /* TCATutorialsApp.swift */; };
		88CBB80A2A164754008C69A4 /* Assets.xcassets in Resources */ = {isa = PBXBuildFile; fileRef = 88CBB8092A164754008C69A4 /* Assets.xcassets */; };
		88CBB80D2A164754008C69A4 /* Preview Assets.xcassets in Resources */ = {isa = PBXBuildFile; fileRef = 88CBB80C2A164754008C69A4 /* Preview Assets.xcassets */; };
		88CF235D2A1649BD0091E4D9 /* ComposableArchitecture in Frameworks */ = {isa = PBXBuildFile; productRef = 88CF235C2A1649BD0091E4D9 /* ComposableArchitecture */; };
		88E270832A22145E00BD7943 /* NumberFactClient.swift in Sources */ = {isa = PBXBuildFile; fileRef = 88E270822A22145E00BD7943 /* NumberFactClient.swift */; };
/* End PBXBuildFile section */

/* Begin PBXContainerItemProxy section */
		887603602A220491002F9185 /* PBXContainerItemProxy */ = {
			isa = PBXContainerItemProxy;
			containerPortal = 88CBB7FA2A164753008C69A4 /* Project object */;
			proxyType = 1;
			remoteGlobalIDString = 88CBB8012A164753008C69A4;
			remoteInfo = TCATutorials;
		};
/* End PBXContainerItemProxy section */

/* Begin PBXFileReference section */
		8854193E2A164C0900ADE1EE /* CounterFeature.swift */ = {isa = PBXFileReference; lastKnownFileType = sourcecode.swift; path = CounterFeature.swift; sourceTree = "<group>"; };
		885419402A17B22900ADE1EE /* Info.plist */ = {isa = PBXFileReference; lastKnownFileType = text.plist; path = Info.plist; sourceTree = "<group>"; };
		8876035C2A220491002F9185 /* TCATutorialsTests.xctest */ = {isa = PBXFileReference; explicitFileType = wrapper.cfbundle; includeInIndex = 0; path = TCATutorialsTests.xctest; sourceTree = BUILT_PRODUCTS_DIR; };
		887603652A2204BD002F9185 /* CounterFeatureTests.swift */ = {isa = PBXFileReference; lastKnownFileType = sourcecode.swift; path = CounterFeatureTests.swift; sourceTree = "<group>"; };
		88CBB8022A164753008C69A4 /* TCATutorials.app */ = {isa = PBXFileReference; explicitFileType = wrapper.application; includeInIndex = 0; path = TCATutorials.app; sourceTree = BUILT_PRODUCTS_DIR; };
		88CBB8052A164753008C69A4 /* TCATutorialsApp.swift */ = {isa = PBXFileReference; lastKnownFileType = sourcecode.swift; path = TCATutorialsApp.swift; sourceTree = "<group>"; };
		88CBB8092A164754008C69A4 /* Assets.xcassets */ = {isa = PBXFileReference; lastKnownFileType = folder.assetcatalog; path = Assets.xcassets; sourceTree = "<group>"; };
		88CBB80C2A164754008C69A4 /* Preview Assets.xcassets */ = {isa = PBXFileReference; lastKnownFileType = folder.assetcatalog; path = "Preview Assets.xcassets"; sourceTree = "<group>"; };
		88E270822A22145E00BD7943 /* NumberFactClient.swift */ = {isa = PBXFileReference; lastKnownFileType = sourcecode.swift; path = NumberFactClient.swift; sourceTree = "<group>"; };
/* End PBXFileReference section */

/* Begin PBXFrameworksBuildPhase section */
		887603592A220491002F9185 /* Frameworks */ = {
			isa = PBXFrameworksBuildPhase;
			buildActionMask = 2147483647;
			files = (
			);
			runOnlyForDeploymentPostprocessing = 0;
		};
		88CBB7FF2A164753008C69A4 /* Frameworks */ = {
			isa = PBXFrameworksBuildPhase;
			buildActionMask = 2147483647;
			files = (
				88CF235D2A1649BD0091E4D9 /* ComposableArchitecture in Frameworks */,
			);
			runOnlyForDeploymentPostprocessing = 0;
		};
/* End PBXFrameworksBuildPhase section */

/* Begin PBXGroup section */
		8876035D2A220491002F9185 /* TCATutorialsTests */ = {
			isa = PBXGroup;
			children = (
				887603652A2204BD002F9185 /* CounterFeatureTests.swift */,
			);
			path = TCATutorialsTests;
			sourceTree = "<group>";
		};
		88CBB7F92A164753008C69A4 = {
			isa = PBXGroup;
			children = (
				88CBB8042A164753008C69A4 /* TCATutorials */,
				8876035D2A220491002F9185 /* TCATutorialsTests */,
				88CBB8032A164753008C69A4 /* Products */,
			);
			sourceTree = "<group>";
		};
		88CBB8032A164753008C69A4 /* Products */ = {
			isa = PBXGroup;
			children = (
				88CBB8022A164753008C69A4 /* TCATutorials.app */,
				8876035C2A220491002F9185 /* TCATutorialsTests.xctest */,
			);
			name = Products;
			sourceTree = "<group>";
		};
		88CBB8042A164753008C69A4 /* TCATutorials */ = {
			isa = PBXGroup;
			children = (
				885419402A17B22900ADE1EE /* Info.plist */,
				88CBB8052A164753008C69A4 /* TCATutorialsApp.swift */,
				8854193E2A164C0900ADE1EE /* CounterFeature.swift */,
				88CBB8092A164754008C69A4 /* Assets.xcassets */,
				88CBB80B2A164754008C69A4 /* Preview Content */,
				88E270822A22145E00BD7943 /* NumberFactClient.swift */,
			);
			path = TCATutorials;
			sourceTree = "<group>";
		};
		88CBB80B2A164754008C69A4 /* Preview Content */ = {
			isa = PBXGroup;
			children = (
				88CBB80C2A164754008C69A4 /* Preview Assets.xcassets */,
			);
			path = "Preview Content";
			sourceTree = "<group>";
		};
/* End PBXGroup section */

/* Begin PBXNativeTarget section */
		8876035B2A220491002F9185 /* TCATutorialsTests */ = {
			isa = PBXNativeTarget;
			buildConfigurationList = 887603622A220491002F9185 /* Build configuration list for PBXNativeTarget "TCATutorialsTests" */;
			buildPhases = (
				887603582A220491002F9185 /* Sources */,
				887603592A220491002F9185 /* Frameworks */,
				8876035A2A220491002F9185 /* Resources */,
			);
			buildRules = (
			);
			dependencies = (
				887603612A220491002F9185 /* PBXTargetDependency */,
			);
			name = TCATutorialsTests;
			productName = TCATutorialsTests;
			productReference = 8876035C2A220491002F9185 /* TCATutorialsTests.xctest */;
			productType = "com.apple.product-type.bundle.unit-test";
		};
		88CBB8012A164753008C69A4 /* TCATutorials */ = {
			isa = PBXNativeTarget;
			buildConfigurationList = 88CBB8102A164754008C69A4 /* Build configuration list for PBXNativeTarget "TCATutorials" */;
			buildPhases = (
				88CBB7FE2A164753008C69A4 /* Sources */,
				88CBB7FF2A164753008C69A4 /* Frameworks */,
				88CBB8002A164753008C69A4 /* Resources */,
			);
			buildRules = (
			);
			dependencies = (
			);
			name = TCATutorials;
			packageProductDependencies = (
				88CF235C2A1649BD0091E4D9 /* ComposableArchitecture */,
			);
			productName = TCATutorials;
			productReference = 88CBB8022A164753008C69A4 /* TCATutorials.app */;
			productType = "com.apple.product-type.application";
		};
/* End PBXNativeTarget section */

/* Begin PBXProject section */
		88CBB7FA2A164753008C69A4 /* Project object */ = {
			isa = PBXProject;
			attributes = {
				BuildIndependentTargetsInParallel = 1;
				LastSwiftUpdateCheck = 1430;
				LastUpgradeCheck = 1420;
				TargetAttributes = {
					8876035B2A220491002F9185 = {
						CreatedOnToolsVersion = 14.3;
						TestTargetID = 88CBB8012A164753008C69A4;
					};
					88CBB8012A164753008C69A4 = {
						CreatedOnToolsVersion = 14.2;
					};
				};
			};
			buildConfigurationList = 88CBB7FD2A164753008C69A4 /* Build configuration list for PBXProject "TCATutorials" */;
			compatibilityVersion = "Xcode 14.0";
			developmentRegion = en;
			hasScannedForEncodings = 0;
			knownRegions = (
				en,
				Base,
			);
			mainGroup = 88CBB7F92A164753008C69A4;
			packageReferences = (
				88CF235B2A1649BD0091E4D9 /* XCRemoteSwiftPackageReference "swift-composable-architecture" */,
			);
			productRefGroup = 88CBB8032A164753008C69A4 /* Products */;
			projectDirPath = "";
			projectRoot = "";
			targets = (
				88CBB8012A164753008C69A4 /* TCATutorials */,
				8876035B2A220491002F9185 /* TCATutorialsTests */,
			);
		};
/* End PBXProject section */

/* Begin PBXResourcesBuildPhase section */
		8876035A2A220491002F9185 /* Resources */ = {
			isa = PBXResourcesBuildPhase;
			buildActionMask = 2147483647;
			files = (
			);
			runOnlyForDeploymentPostprocessing = 0;
		};
		88CBB8002A164753008C69A4 /* Resources */ = {
			isa = PBXResourcesBuildPhase;
			buildActionMask = 2147483647;
			files = (
				88CBB80D2A164754008C69A4 /* Preview Assets.xcassets in Resources */,
				88CBB80A2A164754008C69A4 /* Assets.xcassets in Resources */,
			);
			runOnlyForDeploymentPostprocessing = 0;
		};
/* End PBXResourcesBuildPhase section */

/* Begin PBXSourcesBuildPhase section */
		887603582A220491002F9185 /* Sources */ = {
			isa = PBXSourcesBuildPhase;
			buildActionMask = 2147483647;
			files = (
				887603662A2204BD002F9185 /* CounterFeatureTests.swift in Sources */,
			);
			runOnlyForDeploymentPostprocessing = 0;
		};
		88CBB7FE2A164753008C69A4 /* Sources */ = {
			isa = PBXSourcesBuildPhase;
			buildActionMask = 2147483647;
			files = (
				88E270832A22145E00BD7943 /* NumberFactClient.swift in Sources */,
				8854193F2A164C0900ADE1EE /* CounterFeature.swift in Sources */,
				88CBB8062A164753008C69A4 /* TCATutorialsApp.swift in Sources */,
			);
			runOnlyForDeploymentPostprocessing = 0;
		};
/* End PBXSourcesBuildPhase section */

/* Begin PBXTargetDependency section */
		887603612A220491002F9185 /* PBXTargetDependency */ = {
			isa = PBXTargetDependency;
			target = 88CBB8012A164753008C69A4 /* TCATutorials */;
			targetProxy = 887603602A220491002F9185 /* PBXContainerItemProxy */;
		};
/* End PBXTargetDependency section */

/* Begin XCBuildConfiguration section */
		887603632A220491002F9185 /* Debug */ = {
			isa = XCBuildConfiguration;
			buildSettings = {
				BUNDLE_LOADER = "$(TEST_HOST)";
				CODE_SIGN_STYLE = Automatic;
				CURRENT_PROJECT_VERSION = 1;
				DEVELOPMENT_TEAM = J8NY99LH26;
				GENERATE_INFOPLIST_FILE = YES;
				IPHONEOS_DEPLOYMENT_TARGET = 16.2;
				MARKETING_VERSION = 1.0;
				PRODUCT_BUNDLE_IDENTIFIER = co.muramoto.TCATutorialsTests;
				PRODUCT_NAME = "$(TARGET_NAME)";
				SWIFT_EMIT_LOC_STRINGS = NO;
				SWIFT_VERSION = 5.0;
				TARGETED_DEVICE_FAMILY = "1,2";
				TEST_HOST = "$(BUILT_PRODUCTS_DIR)/TCATutorials.app/$(BUNDLE_EXECUTABLE_FOLDER_PATH)/TCATutorials";
			};
			name = Debug;
		};
		887603642A220491002F9185 /* Release */ = {
			isa = XCBuildConfiguration;
			buildSettings = {
				BUNDLE_LOADER = "$(TEST_HOST)";
				CODE_SIGN_STYLE = Automatic;
				CURRENT_PROJECT_VERSION = 1;
				DEVELOPMENT_TEAM = J8NY99LH26;
				GENERATE_INFOPLIST_FILE = YES;
				IPHONEOS_DEPLOYMENT_TARGET = 16.2;
				MARKETING_VERSION = 1.0;
				PRODUCT_BUNDLE_IDENTIFIER = co.muramoto.TCATutorialsTests;
				PRODUCT_NAME = "$(TARGET_NAME)";
				SWIFT_EMIT_LOC_STRINGS = NO;
				SWIFT_VERSION = 5.0;
				TARGETED_DEVICE_FAMILY = "1,2";
				TEST_HOST = "$(BUILT_PRODUCTS_DIR)/TCATutorials.app/$(BUNDLE_EXECUTABLE_FOLDER_PATH)/TCATutorials";
			};
			name = Release;
		};
		88CBB80E2A164754008C69A4 /* Debug */ = {
			isa = XCBuildConfiguration;
			buildSettings = {
				ALWAYS_SEARCH_USER_PATHS = NO;
				CLANG_ANALYZER_NONNULL = YES;
				CLANG_ANALYZER_NUMBER_OBJECT_CONVERSION = YES_AGGRESSIVE;
				CLANG_CXX_LANGUAGE_STANDARD = "gnu++20";
				CLANG_ENABLE_MODULES = YES;
				CLANG_ENABLE_OBJC_ARC = YES;
				CLANG_ENABLE_OBJC_WEAK = YES;
				CLANG_WARN_BLOCK_CAPTURE_AUTORELEASING = YES;
				CLANG_WARN_BOOL_CONVERSION = YES;
				CLANG_WARN_COMMA = YES;
				CLANG_WARN_CONSTANT_CONVERSION = YES;
				CLANG_WARN_DEPRECATED_OBJC_IMPLEMENTATIONS = YES;
				CLANG_WARN_DIRECT_OBJC_ISA_USAGE = YES_ERROR;
				CLANG_WARN_DOCUMENTATION_COMMENTS = YES;
				CLANG_WARN_EMPTY_BODY = YES;
				CLANG_WARN_ENUM_CONVERSION = YES;
				CLANG_WARN_INFINITE_RECURSION = YES;
				CLANG_WARN_INT_CONVERSION = YES;
				CLANG_WARN_NON_LITERAL_NULL_CONVERSION = YES;
				CLANG_WARN_OBJC_IMPLICIT_RETAIN_SELF = YES;
				CLANG_WARN_OBJC_LITERAL_CONVERSION = YES;
				CLANG_WARN_OBJC_ROOT_CLASS = YES_ERROR;
				CLANG_WARN_QUOTED_INCLUDE_IN_FRAMEWORK_HEADER = YES;
				CLANG_WARN_RANGE_LOOP_ANALYSIS = YES;
				CLANG_WARN_STRICT_PROTOTYPES = YES;
				CLANG_WARN_SUSPICIOUS_MOVE = YES;
				CLANG_WARN_UNGUARDED_AVAILABILITY = YES_AGGRESSIVE;
				CLANG_WARN_UNREACHABLE_CODE = YES;
				CLANG_WARN__DUPLICATE_METHOD_MATCH = YES;
				COPY_PHASE_STRIP = NO;
				DEBUG_INFORMATION_FORMAT = dwarf;
				ENABLE_STRICT_OBJC_MSGSEND = YES;
				ENABLE_TESTABILITY = YES;
				GCC_C_LANGUAGE_STANDARD = gnu11;
				GCC_DYNAMIC_NO_PIC = NO;
				GCC_NO_COMMON_BLOCKS = YES;
				GCC_OPTIMIZATION_LEVEL = 0;
				GCC_PREPROCESSOR_DEFINITIONS = (
					"DEBUG=1",
					"$(inherited)",
				);
				GCC_WARN_64_TO_32_BIT_CONVERSION = YES;
				GCC_WARN_ABOUT_RETURN_TYPE = YES_ERROR;
				GCC_WARN_UNDECLARED_SELECTOR = YES;
				GCC_WARN_UNINITIALIZED_AUTOS = YES_AGGRESSIVE;
				GCC_WARN_UNUSED_FUNCTION = YES;
				GCC_WARN_UNUSED_VARIABLE = YES;
				IPHONEOS_DEPLOYMENT_TARGET = 16.2;
				MTL_ENABLE_DEBUG_INFO = INCLUDE_SOURCE;
				MTL_FAST_MATH = YES;
				ONLY_ACTIVE_ARCH = YES;
				SDKROOT = iphoneos;
				SWIFT_ACTIVE_COMPILATION_CONDITIONS = DEBUG;
				SWIFT_OPTIMIZATION_LEVEL = "-Onone";
			};
			name = Debug;
		};
		88CBB80F2A164754008C69A4 /* Release */ = {
			isa = XCBuildConfiguration;
			buildSettings = {
				ALWAYS_SEARCH_USER_PATHS = NO;
				CLANG_ANALYZER_NONNULL = YES;
				CLANG_ANALYZER_NUMBER_OBJECT_CONVERSION = YES_AGGRESSIVE;
				CLANG_CXX_LANGUAGE_STANDARD = "gnu++20";
				CLANG_ENABLE_MODULES = YES;
				CLANG_ENABLE_OBJC_ARC = YES;
				CLANG_ENABLE_OBJC_WEAK = YES;
				CLANG_WARN_BLOCK_CAPTURE_AUTORELEASING = YES;
				CLANG_WARN_BOOL_CONVERSION = YES;
				CLANG_WARN_COMMA = YES;
				CLANG_WARN_CONSTANT_CONVERSION = YES;
				CLANG_WARN_DEPRECATED_OBJC_IMPLEMENTATIONS = YES;
				CLANG_WARN_DIRECT_OBJC_ISA_USAGE = YES_ERROR;
				CLANG_WARN_DOCUMENTATION_COMMENTS = YES;
				CLANG_WARN_EMPTY_BODY = YES;
				CLANG_WARN_ENUM_CONVERSION = YES;
				CLANG_WARN_INFINITE_RECURSION = YES;
				CLANG_WARN_INT_CONVERSION = YES;
				CLANG_WARN_NON_LITERAL_NULL_CONVERSION = YES;
				CLANG_WARN_OBJC_IMPLICIT_RETAIN_SELF = YES;
				CLANG_WARN_OBJC_LITERAL_CONVERSION = YES;
				CLANG_WARN_OBJC_ROOT_CLASS = YES_ERROR;
				CLANG_WARN_QUOTED_INCLUDE_IN_FRAMEWORK_HEADER = YES;
				CLANG_WARN_RANGE_LOOP_ANALYSIS = YES;
				CLANG_WARN_STRICT_PROTOTYPES = YES;
				CLANG_WARN_SUSPICIOUS_MOVE = YES;
				CLANG_WARN_UNGUARDED_AVAILABILITY = YES_AGGRESSIVE;
				CLANG_WARN_UNREACHABLE_CODE = YES;
				CLANG_WARN__DUPLICATE_METHOD_MATCH = YES;
				COPY_PHASE_STRIP = NO;
				DEBUG_INFORMATION_FORMAT = "dwarf-with-dsym";
				ENABLE_NS_ASSERTIONS = NO;
				ENABLE_STRICT_OBJC_MSGSEND = YES;
				GCC_C_LANGUAGE_STANDARD = gnu11;
				GCC_NO_COMMON_BLOCKS = YES;
				GCC_WARN_64_TO_32_BIT_CONVERSION = YES;
				GCC_WARN_ABOUT_RETURN_TYPE = YES_ERROR;
				GCC_WARN_UNDECLARED_SELECTOR = YES;
				GCC_WARN_UNINITIALIZED_AUTOS = YES_AGGRESSIVE;
				GCC_WARN_UNUSED_FUNCTION = YES;
				GCC_WARN_UNUSED_VARIABLE = YES;
				IPHONEOS_DEPLOYMENT_TARGET = 16.2;
				MTL_ENABLE_DEBUG_INFO = NO;
				MTL_FAST_MATH = YES;
				SDKROOT = iphoneos;
				SWIFT_COMPILATION_MODE = wholemodule;
				SWIFT_OPTIMIZATION_LEVEL = "-O";
				VALIDATE_PRODUCT = YES;
			};
			name = Release;
		};
		88CBB8112A164754008C69A4 /* Debug */ = {
			isa = XCBuildConfiguration;
			buildSettings = {
				ASSETCATALOG_COMPILER_APPICON_NAME = AppIcon;
				ASSETCATALOG_COMPILER_GLOBAL_ACCENT_COLOR_NAME = AccentColor;
				CODE_SIGN_STYLE = Automatic;
				CURRENT_PROJECT_VERSION = 1;
				DEVELOPMENT_ASSET_PATHS = "\"TCATutorials/Preview Content\"";
				DEVELOPMENT_TEAM = J8NY99LH26;
				ENABLE_PREVIEWS = YES;
				GENERATE_INFOPLIST_FILE = YES;
				INFOPLIST_FILE = TCATutorials/Info.plist;
				INFOPLIST_KEY_UIApplicationSceneManifest_Generation = YES;
				INFOPLIST_KEY_UIApplicationSupportsIndirectInputEvents = YES;
				INFOPLIST_KEY_UILaunchScreen_Generation = YES;
				INFOPLIST_KEY_UISupportedInterfaceOrientations_iPad = "UIInterfaceOrientationPortrait UIInterfaceOrientationPortraitUpsideDown UIInterfaceOrientationLandscapeLeft UIInterfaceOrientationLandscapeRight";
				INFOPLIST_KEY_UISupportedInterfaceOrientations_iPhone = "UIInterfaceOrientationPortrait UIInterfaceOrientationLandscapeLeft UIInterfaceOrientationLandscapeRight";
				LD_RUNPATH_SEARCH_PATHS = (
					"$(inherited)",
					"@executable_path/Frameworks",
				);
				MARKETING_VERSION = 1.0;
				PRODUCT_BUNDLE_IDENTIFIER = co.muramoto.TCATutorials;
				PRODUCT_NAME = "$(TARGET_NAME)";
				SWIFT_EMIT_LOC_STRINGS = YES;
				SWIFT_VERSION = 5.0;
				TARGETED_DEVICE_FAMILY = "1,2";
			};
			name = Debug;
		};
		88CBB8122A164754008C69A4 /* Release */ = {
			isa = XCBuildConfiguration;
			buildSettings = {
				ASSETCATALOG_COMPILER_APPICON_NAME = AppIcon;
				ASSETCATALOG_COMPILER_GLOBAL_ACCENT_COLOR_NAME = AccentColor;
				CODE_SIGN_STYLE = Automatic;
				CURRENT_PROJECT_VERSION = 1;
				DEVELOPMENT_ASSET_PATHS = "\"TCATutorials/Preview Content\"";
				DEVELOPMENT_TEAM = J8NY99LH26;
				ENABLE_PREVIEWS = YES;
				GENERATE_INFOPLIST_FILE = YES;
				INFOPLIST_FILE = TCATutorials/Info.plist;
				INFOPLIST_KEY_UIApplicationSceneManifest_Generation = YES;
				INFOPLIST_KEY_UIApplicationSupportsIndirectInputEvents = YES;
				INFOPLIST_KEY_UILaunchScreen_Generation = YES;
				INFOPLIST_KEY_UISupportedInterfaceOrientations_iPad = "UIInterfaceOrientationPortrait UIInterfaceOrientationPortraitUpsideDown UIInterfaceOrientationLandscapeLeft UIInterfaceOrientationLandscapeRight";
				INFOPLIST_KEY_UISupportedInterfaceOrientations_iPhone = "UIInterfaceOrientationPortrait UIInterfaceOrientationLandscapeLeft UIInterfaceOrientationLandscapeRight";
				LD_RUNPATH_SEARCH_PATHS = (
					"$(inherited)",
					"@executable_path/Frameworks",
				);
				MARKETING_VERSION = 1.0;
				PRODUCT_BUNDLE_IDENTIFIER = co.muramoto.TCATutorials;
				PRODUCT_NAME = "$(TARGET_NAME)";
				SWIFT_EMIT_LOC_STRINGS = YES;
				SWIFT_VERSION = 5.0;
				TARGETED_DEVICE_FAMILY = "1,2";
			};
			name = Release;
		};
/* End XCBuildConfiguration section */

/* Begin XCConfigurationList section */
		887603622A220491002F9185 /* Build configuration list for PBXNativeTarget "TCATutorialsTests" */ = {
			isa = XCConfigurationList;
			buildConfigurations = (
				887603632A220491002F9185 /* Debug */,
				887603642A220491002F9185 /* Release */,
			);
			defaultConfigurationIsVisible = 0;
			defaultConfigurationName = Release;
		};
		88CBB7FD2A164753008C69A4 /* Build configuration list for PBXProject "TCATutorials" */ = {
			isa = XCConfigurationList;
			buildConfigurations = (
				88CBB80E2A164754008C69A4 /* Debug */,
				88CBB80F2A164754008C69A4 /* Release */,
			);
			defaultConfigurationIsVisible = 0;
			defaultConfigurationName = Release;
		};
		88CBB8102A164754008C69A4 /* Build configuration list for PBXNativeTarget "TCATutorials" */ = {
			isa = XCConfigurationList;
			buildConfigurations = (
				88CBB8112A164754008C69A4 /* Debug */,
				88CBB8122A164754008C69A4 /* Release */,
			);
			defaultConfigurationIsVisible = 0;
			defaultConfigurationName = Release;
		};
/* End XCConfigurationList section */

/* Begin XCRemoteSwiftPackageReference section */
		88CF235B2A1649BD0091E4D9 /* XCRemoteSwiftPackageReference "swift-composable-architecture" */ = {
			isa = XCRemoteSwiftPackageReference;
			repositoryURL = "https://github.com/pointfreeco/swift-composable-architecture";
			requirement = {
				kind = upToNextMinorVersion;
				minimumVersion = 0.53.0;
			};
		};
/* End XCRemoteSwiftPackageReference section */

/* Begin XCSwiftPackageProductDependency section */
		88CF235C2A1649BD0091E4D9 /* ComposableArchitecture */ = {
			isa = XCSwiftPackageProductDependency;
			package = 88CF235B2A1649BD0091E4D9 /* XCRemoteSwiftPackageReference "swift-composable-architecture" */;
			productName = ComposableArchitecture;
		};
/* End XCSwiftPackageProductDependency section */
	};
	rootObject = 88CBB7FA2A164753008C69A4 /* Project object */;
}
